
Microsoft Visual Studio Solution File, Format Version 12.00
# Visual Studio 15
VisualStudioVersion = 15.0.28307.421
MinimumVisualStudioVersion = 10.0.40219.1
Project("{FAE04EC0-301F-11D3-BF4B-00C04F79EFBC}") = "QLDSV", "QLDSV\QLDSV.csproj", "{52C5B479-26D9-4806-BDA2-0FF2BD646806}"
EndProject
Global
	GlobalSection(SolutionConfigurationPlatforms) = preSolution
		Debug|Any CPU = Debug|Any CPU
		Release|Any CPU = Release|Any CPU
	EndGlobalSection
	GlobalSection(ProjectConfigurationPlatforms) = postSolution
		{52C5B479-26D9-4806-BDA2-0FF2BD646806}.Debug|Any CPU.ActiveCfg = Debug|Any CPU
		{52C5B479-26D9-4806-BDA2-0FF2BD646806}.Debug|Any CPU.Build.0 = Debug|Any CPU
		{52C5B479-26D9-4806-BDA2-0FF2BD646806}.Release|Any CPU.ActiveCfg = Release|Any CPU
		{52C5B479-26D9-4806-BDA2-0FF2BD646806}.Release|Any CPU.Build.0 = Release|Any CPU
	EndGlobalSection
	GlobalSection(SolutionProperties) = preSolution
		HideSolutionNode = FALSE
	EndGlobalSection
	GlobalSection(ExtensibilityGlobals) = postSolution
		SolutionGuid = {6C715DCE-5F5F-4ED9-8784-240BE08D9CCA}
	EndGlobalSection
EndGlobal
